
Microsoft Visual Studio Solution File, Format Version 12.00
# Visual Studio Version 16
VisualStudioVersion = 16.0.30523.141
MinimumVisualStudioVersion = 10.0.40219.1
Project("{FAE04EC0-301F-11D3-BF4B-00C04F79EFBC}") = "Biology-Blog", "Biology-Blog\Biology-Blog.csproj", "{1A79C8A8-044E-4F8D-B450-6AF07EAE7198}"
EndProject
Global
	GlobalSection(SolutionConfigurationPlatforms) = preSolution
		Debug|Any CPU = Debug|Any CPU
		Release|Any CPU = Release|Any CPU
	EndGlobalSection
	GlobalSection(ProjectConfigurationPlatforms) = postSolution
		{1A79C8A8-044E-4F8D-B450-6AF07EAE7198}.Debug|Any CPU.ActiveCfg = Debug|Any CPU
		{1A79C8A8-044E-4F8D-B450-6AF07EAE7198}.Debug|Any CPU.Build.0 = Debug|Any CPU
		{1A79C8A8-044E-4F8D-B450-6AF07EAE7198}.Release|Any CPU.ActiveCfg = Release|Any CPU
		{1A79C8A8-044E-4F8D-B450-6AF07EAE7198}.Release|Any CPU.Build.0 = Release|Any CPU
	EndGlobalSection
	GlobalSection(SolutionProperties) = preSolution
		HideSolutionNode = FALSE
	EndGlobalSection
	GlobalSection(ExtensibilityGlobals) = postSolution
		SolutionGuid = {7D2575D8-CC0A-435F-B1C4-654AE8FCD9A2}
	EndGlobalSection
EndGlobal
